// !$*UTF8*$!
{
	archiveVersion = 1;
	classes = {
	};
	objectVersion = 48;
	objects = {

/* Begin PBXBuildFile section */
		D0E280FB1FBC56D8004BCE71 /* AppDelegate.swift in Sources */ = {isa = PBXBuildFile; fileRef = D0E280FA1FBC56D8004BCE71 /* AppDelegate.swift */; };
		D0E280FD1FBC56D8004BCE71 /* WelcomeVC.swift in Sources */ = {isa = PBXBuildFile; fileRef = D0E280FC1FBC56D8004BCE71 /* WelcomeVC.swift */; };
		D0E281001FBC56D8004BCE71 /* Main.storyboard in Resources */ = {isa = PBXBuildFile; fileRef = D0E280FE1FBC56D8004BCE71 /* Main.storyboard */; };
		D0E281021FBC56D8004BCE71 /* Assets.xcassets in Resources */ = {isa = PBXBuildFile; fileRef = D0E281011FBC56D8004BCE71 /* Assets.xcassets */; };
		D0E281051FBC56D8004BCE71 /* LaunchScreen.storyboard in Resources */ = {isa = PBXBuildFile; fileRef = D0E281031FBC56D8004BCE71 /* LaunchScreen.storyboard */; };
		D0E2810E1FBC61C3004BCE71 /* BorderButton.swift in Sources */ = {isa = PBXBuildFile; fileRef = D0E2810D1FBC61C3004BCE71 /* BorderButton.swift */; };
		D0E281121FBCDEB1004BCE71 /* SkillVC.swift in Sources */ = {isa = PBXBuildFile; fileRef = D0E281111FBCDEB1004BCE71 /* SkillVC.swift */; };
		D0E281141FBCDEC5004BCE71 /* LeagueVC.swift in Sources */ = {isa = PBXBuildFile; fileRef = D0E281131FBCDEC5004BCE71 /* LeagueVC.swift */; };
		D0E281191FBCEB8E004BCE71 /* Player.swift in Sources */ = {isa = PBXBuildFile; fileRef = D0E281181FBCEB8E004BCE71 /* Player.swift */; };
/* End PBXBuildFile section */

/* Begin PBXFileReference section */
		D0E280F71FBC56D8004BCE71 /* app-swoosh.app */ = {isa = PBXFileReference; explicitFileType = wrapper.application; includeInIndex = 0; path = "app-swoosh.app"; sourceTree = BUILT_PRODUCTS_DIR; };
		D0E280FA1FBC56D8004BCE71 /* AppDelegate.swift */ = {isa = PBXFileReference; lastKnownFileType = sourcecode.swift; path = AppDelegate.swift; sourceTree = "<group>"; };
		D0E280FC1FBC56D8004BCE71 /* WelcomeVC.swift */ = {isa = PBXFileReference; lastKnownFileType = sourcecode.swift; path = WelcomeVC.swift; sourceTree = "<group>"; };
		D0E280FF1FBC56D8004BCE71 /* Base */ = {isa = PBXFileReference; lastKnownFileType = file.storyboard; name = Base; path = Base.lproj/Main.storyboard; sourceTree = "<group>"; };
		D0E281011FBC56D8004BCE71 /* Assets.xcassets */ = {isa = PBXFileReference; lastKnownFileType = folder.assetcatalog; path = Assets.xcassets; sourceTree = "<group>"; };
		D0E281041FBC56D8004BCE71 /* Base */ = {isa = PBXFileReference; lastKnownFileType = file.storyboard; name = Base; path = Base.lproj/LaunchScreen.storyboard; sourceTree = "<group>"; };
		D0E281061FBC56D8004BCE71 /* Info.plist */ = {isa = PBXFileReference; lastKnownFileType = text.plist.xml; path = Info.plist; sourceTree = "<group>"; };
		D0E2810D1FBC61C3004BCE71 /* BorderButton.swift */ = {isa = PBXFileReference; lastKnownFileType = sourcecode.swift; path = BorderButton.swift; sourceTree = "<group>"; };
		D0E281111FBCDEB1004BCE71 /* SkillVC.swift */ = {isa = PBXFileReference; lastKnownFileType = sourcecode.swift; path = SkillVC.swift; sourceTree = "<group>"; };
		D0E281131FBCDEC5004BCE71 /* LeagueVC.swift */ = {isa = PBXFileReference; lastKnownFileType = sourcecode.swift; path = LeagueVC.swift; sourceTree = "<group>"; };
		D0E281181FBCEB8E004BCE71 /* Player.swift */ = {isa = PBXFileReference; lastKnownFileType = sourcecode.swift; path = Player.swift; sourceTree = "<group>"; };
/* End PBXFileReference section */

/* Begin PBXFrameworksBuildPhase section */
		D0E280F41FBC56D8004BCE71 /* Frameworks */ = {
			isa = PBXFrameworksBuildPhase;
			buildActionMask = 2147483647;
			files = (
			);
			runOnlyForDeploymentPostprocessing = 0;
		};
/* End PBXFrameworksBuildPhase section */

/* Begin PBXGroup section */
		D0E280EE1FBC56D8004BCE71 = {
			isa = PBXGroup;
			children = (
				D0E280F91FBC56D8004BCE71 /* app-swoosh */,
				D0E280F81FBC56D8004BCE71 /* Products */,
			);
			sourceTree = "<group>";
		};
		D0E280F81FBC56D8004BCE71 /* Products */ = {
			isa = PBXGroup;
			children = (
				D0E280F71FBC56D8004BCE71 /* app-swoosh.app */,
			);
			name = Products;
			sourceTree = "<group>";
		};
		D0E280F91FBC56D8004BCE71 /* app-swoosh */ = {
			isa = PBXGroup;
			children = (
				D0E281171FBCEB57004BCE71 /* Model */,
				D0E2810F1FBCDDFC004BCE71 /* Controller */,
				D0E2810C1FBC6189004BCE71 /* View */,
				D0E280FA1FBC56D8004BCE71 /* AppDelegate.swift */,
				D0E280FE1FBC56D8004BCE71 /* Main.storyboard */,
				D0E281011FBC56D8004BCE71 /* Assets.xcassets */,
				D0E281031FBC56D8004BCE71 /* LaunchScreen.storyboard */,
				D0E281061FBC56D8004BCE71 /* Info.plist */,
			);
			path = "app-swoosh";
			sourceTree = "<group>";
		};
		D0E2810C1FBC6189004BCE71 /* View */ = {
			isa = PBXGroup;
			children = (
				D0E2810D1FBC61C3004BCE71 /* BorderButton.swift */,
			);
			path = View;
			sourceTree = "<group>";
		};
		D0E2810F1FBCDDFC004BCE71 /* Controller */ = {
			isa = PBXGroup;
			children = (
				D0E280FC1FBC56D8004BCE71 /* WelcomeVC.swift */,
				D0E281111FBCDEB1004BCE71 /* SkillVC.swift */,
				D0E281131FBCDEC5004BCE71 /* LeagueVC.swift */,
			);
			path = Controller;
			sourceTree = "<group>";
		};
		D0E281171FBCEB57004BCE71 /* Model */ = {
			isa = PBXGroup;
			children = (
				D0E281181FBCEB8E004BCE71 /* Player.swift */,
			);
			name = Model;
			path = "New Group";
			sourceTree = "<group>";
		};
/* End PBXGroup section */

/* Begin PBXNativeTarget section */
		D0E280F61FBC56D8004BCE71 /* app-swoosh */ = {
			isa = PBXNativeTarget;
			buildConfigurationList = D0E281091FBC56D8004BCE71 /* Build configuration list for PBXNativeTarget "app-swoosh" */;
			buildPhases = (
				D0E280F31FBC56D8004BCE71 /* Sources */,
				D0E280F41FBC56D8004BCE71 /* Frameworks */,
				D0E280F51FBC56D8004BCE71 /* Resources */,
			);
			buildRules = (
			);
			dependencies = (
			);
			name = "app-swoosh";
			productName = "app-swoosh";
			productReference = D0E280F71FBC56D8004BCE71 /* app-swoosh.app */;
			productType = "com.apple.product-type.application";
		};
/* End PBXNativeTarget section */

/* Begin PBXProject section */
		D0E280EF1FBC56D8004BCE71 /* Project object */ = {
			isa = PBXProject;
			attributes = {
				LastSwiftUpdateCheck = 0910;
				LastUpgradeCheck = 0910;
				ORGANIZATIONNAME = "Sadman Sakib Saumik";
				TargetAttributes = {
					D0E280F61FBC56D8004BCE71 = {
						CreatedOnToolsVersion = 9.1;
						ProvisioningStyle = Automatic;
					};
				};
			};
			buildConfigurationList = D0E280F21FBC56D8004BCE71 /* Build configuration list for PBXProject "app-swoosh" */;
			compatibilityVersion = "Xcode 8.0";
			developmentRegion = en;
			hasScannedForEncodings = 0;
			knownRegions = (
				en,
				Base,
			);
			mainGroup = D0E280EE1FBC56D8004BCE71;
			productRefGroup = D0E280F81FBC56D8004BCE71 /* Products */;
			projectDirPath = "";
			projectRoot = "";
			targets = (
				D0E280F61FBC56D8004BCE71 /* app-swoosh */,
			);
		};
/* End PBXProject section */

/* Begin PBXResourcesBuildPhase section */
		D0E280F51FBC56D8004BCE71 /* Resources */ = {
			isa = PBXResourcesBuildPhase;
			buildActionMask = 2147483647;
			files = (
				D0E281051FBC56D8004BCE71 /* LaunchScreen.storyboard in Resources */,
				D0E281021FBC56D8004BCE71 /* Assets.xcassets in Resources */,
				D0E281001FBC56D8004BCE71 /* Main.storyboard in Resources */,
			);
			runOnlyForDeploymentPostprocessing = 0;
		};
/* End PBXResourcesBuildPhase section */

/* Begin PBXSourcesBuildPhase section */
		D0E280F31FBC56D8004BCE71 /* Sources */ = {
			isa = PBXSourcesBuildPhase;
			buildActionMask = 2147483647;
			files = (
				D0E281141FBCDEC5004BCE71 /* LeagueVC.swift in Sources */,
				D0E281121FBCDEB1004BCE71 /* SkillVC.swift in Sources */,
				D0E280FD1FBC56D8004BCE71 /* WelcomeVC.swift in Sources */,
				D0E280FB1FBC56D8004BCE71 /* AppDelegate.swift in Sources */,
				D0E281191FBCEB8E004BCE71 /* Player.swift in Sources */,
				D0E2810E1FBC61C3004BCE71 /* BorderButton.swift in Sources */,
			);
			runOnlyForDeploymentPostprocessing = 0;
		};
/* End PBXSourcesBuildPhase section */

/* Begin PBXVariantGroup section */
		D0E280FE1FBC56D8004BCE71 /* Main.storyboard */ = {
			isa = PBXVariantGroup;
			children = (
				D0E280FF1FBC56D8004BCE71 /* Base */,
			);
			name = Main.storyboard;
			sourceTree = "<group>";
		};
		D0E281031FBC56D8004BCE71 /* LaunchScreen.storyboard */ = {
			isa = PBXVariantGroup;
			children = (
				D0E281041FBC56D8004BCE71 /* Base */,
			);
			name = LaunchScreen.storyboard;
			sourceTree = "<group>";
		};
/* End PBXVariantGroup section */

/* Begin XCBuildConfiguration section */
		D0E281071FBC56D8004BCE71 /* Debug */ = {
			isa = XCBuildConfiguration;
			buildSettings = {
				ALWAYS_SEARCH_USER_PATHS = NO;
				CLANG_ANALYZER_NONNULL = YES;
				CLANG_ANALYZER_NUMBER_OBJECT_CONVERSION = YES_AGGRESSIVE;
				CLANG_CXX_LANGUAGE_STANDARD = "gnu++14";
				CLANG_CXX_LIBRARY = "libc++";
				CLANG_ENABLE_MODULES = YES;
				CLANG_ENABLE_OBJC_ARC = YES;
				CLANG_WARN_BLOCK_CAPTURE_AUTORELEASING = YES;
				CLANG_WARN_BOOL_CONVERSION = YES;
				CLANG_WARN_COMMA = YES;
				CLANG_WARN_CONSTANT_CONVERSION = YES;
				CLANG_WARN_DIRECT_OBJC_ISA_USAGE = YES_ERROR;
				CLANG_WARN_DOCUMENTATION_COMMENTS = YES;
				CLANG_WARN_EMPTY_BODY = YES;
				CLANG_WARN_ENUM_CONVERSION = YES;
				CLANG_WARN_INFINITE_RECURSION = YES;
				CLANG_WARN_INT_CONVERSION = YES;
				CLANG_WARN_NON_LITERAL_NULL_CONVERSION = YES;
				CLANG_WARN_OBJC_LITERAL_CONVERSION = YES;
				CLANG_WARN_OBJC_ROOT_CLASS = YES_ERROR;
				CLANG_WARN_RANGE_LOOP_ANALYSIS = YES;
				CLANG_WARN_STRICT_PROTOTYPES = YES;
				CLANG_WARN_SUSPICIOUS_MOVE = YES;
				CLANG_WARN_UNGUARDED_AVAILABILITY = YES_AGGRESSIVE;
				CLANG_WARN_UNREACHABLE_CODE = YES;
				CLANG_WARN__DUPLICATE_METHOD_MATCH = YES;
				CODE_SIGN_IDENTITY = "iPhone Developer";
				COPY_PHASE_STRIP = NO;
				DEBUG_INFORMATION_FORMAT = dwarf;
				ENABLE_STRICT_OBJC_MSGSEND = YES;
				ENABLE_TESTABILITY = YES;
				GCC_C_LANGUAGE_STANDARD = gnu11;
				GCC_DYNAMIC_NO_PIC = NO;
				GCC_NO_COMMON_BLOCKS = YES;
				GCC_OPTIMIZATION_LEVEL = 0;
				GCC_PREPROCESSOR_DEFINITIONS = (
					"DEBUG=1",
					"$(inherited)",
				);
				GCC_WARN_64_TO_32_BIT_CONVERSION = YES;
				GCC_WARN_ABOUT_RETURN_TYPE = YES_ERROR;
				GCC_WARN_UNDECLARED_SELECTOR = YES;
				GCC_WARN_UNINITIALIZED_AUTOS = YES_AGGRESSIVE;
				GCC_WARN_UNUSED_FUNCTION = YES;
				GCC_WARN_UNUSED_VARIABLE = YES;
				IPHONEOS_DEPLOYMENT_TARGET = 11.1;
				MTL_ENABLE_DEBUG_INFO = YES;
				ONLY_ACTIVE_ARCH = YES;
				SDKROOT = iphoneos;
				SWIFT_ACTIVE_COMPILATION_CONDITIONS = DEBUG;
				SWIFT_OPTIMIZATION_LEVEL = "-Onone";
			};
			name = Debug;
		};
		D0E281081FBC56D8004BCE71 /* Release */ = {
			isa = XCBuildConfiguration;
			buildSettings = {
				ALWAYS_SEARCH_USER_PATHS = NO;
				CLANG_ANALYZER_NONNULL = YES;
				CLANG_ANALYZER_NUMBER_OBJECT_CONVERSION = YES_AGGRESSIVE;
				CLANG_CXX_LANGUAGE_STANDARD = "gnu++14";
				CLANG_CXX_LIBRARY = "libc++";
				CLANG_ENABLE_MODULES = YES;
				CLANG_ENABLE_OBJC_ARC = YES;
				CLANG_WARN_BLOCK_CAPTURE_AUTORELEASING = YES;
				CLANG_WARN_BOOL_CONVERSION = YES;
				CLANG_WARN_COMMA = YES;
				CLANG_WARN_CONSTANT_CONVERSION = YES;
				CLANG_WARN_DIRECT_OBJC_ISA_USAGE = YES_ERROR;
				CLANG_WARN_DOCUMENTATION_COMMENTS = YES;
				CLANG_WARN_EMPTY_BODY = YES;
				CLANG_WARN_ENUM_CONVERSION = YES;
				CLANG_WARN_INFINITE_RECURSION = YES;
				CLANG_WARN_INT_CONVERSION = YES;
				CLANG_WARN_NON_LITERAL_NULL_CONVERSION = YES;
				CLANG_WARN_OBJC_LITERAL_CONVERSION = YES;
				CLANG_WARN_OBJC_ROOT_CLASS = YES_ERROR;
				CLANG_WARN_RANGE_LOOP_ANALYSIS = YES;
				CLANG_WARN_STRICT_PROTOTYPES = YES;
				CLANG_WARN_SUSPICIOUS_MOVE = YES;
				CLANG_WARN_UNGUARDED_AVAILABILITY = YES_AGGRESSIVE;
				CLANG_WARN_UNREACHABLE_CODE = YES;
				CLANG_WARN__DUPLICATE_METHOD_MATCH = YES;
				CODE_SIGN_IDENTITY = "iPhone Developer";
				COPY_PHASE_STRIP = NO;
				DEBUG_INFORMATION_FORMAT = "dwarf-with-dsym";
				ENABLE_NS_ASSERTIONS = NO;
				ENABLE_STRICT_OBJC_MSGSEND = YES;
				GCC_C_LANGUAGE_STANDARD = gnu11;
				GCC_NO_COMMON_BLOCKS = YES;
				GCC_WARN_64_TO_32_BIT_CONVERSION = YES;
				GCC_WARN_ABOUT_RETURN_TYPE = YES_ERROR;
				GCC_WARN_UNDECLARED_SELECTOR = YES;
				GCC_WARN_UNINITIALIZED_AUTOS = YES_AGGRESSIVE;
				GCC_WARN_UNUSED_FUNCTION = YES;
				GCC_WARN_UNUSED_VARIABLE = YES;
				IPHONEOS_DEPLOYMENT_TARGET = 11.1;
				MTL_ENABLE_DEBUG_INFO = NO;
				SDKROOT = iphoneos;
				SWIFT_OPTIMIZATION_LEVEL = "-Owholemodule";
				VALIDATE_PRODUCT = YES;
			};
			name = Release;
		};
		D0E2810A1FBC56D8004BCE71 /* Debug */ = {
			isa = XCBuildConfiguration;
			buildSettings = {
				ASSETCATALOG_COMPILER_APPICON_NAME = AppIcon;
				CODE_SIGN_STYLE = Automatic;
				INFOPLIST_FILE = "app-swoosh/Info.plist";
				LD_RUNPATH_SEARCH_PATHS = "$(inherited) @executable_path/Frameworks";
				PRODUCT_BUNDLE_IDENTIFIER = "com.saumik.app-swoosh";
				PRODUCT_NAME = "$(TARGET_NAME)";
				SWIFT_VERSION = 4.0;
				TARGETED_DEVICE_FAMILY = "1,2";
			};
			name = Debug;
		};
		D0E2810B1FBC56D8004BCE71 /* Release */ = {
			isa = XCBuildConfiguration;
			buildSettings = {
				ASSETCATALOG_COMPILER_APPICON_NAME = AppIcon;
				CODE_SIGN_STYLE = Automatic;
				INFOPLIST_FILE = "app-swoosh/Info.plist";
				LD_RUNPATH_SEARCH_PATHS = "$(inherited) @executable_path/Frameworks";
				PRODUCT_BUNDLE_IDENTIFIER = "com.saumik.app-swoosh";
				PRODUCT_NAME = "$(TARGET_NAME)";
				SWIFT_VERSION = 4.0;
				TARGETED_DEVICE_FAMILY = "1,2";
			};
			name = Release;
		};
/* End XCBuildConfiguration section */

/* Begin XCConfigurationList section */
		D0E280F21FBC56D8004BCE71 /* Build configuration list for PBXProject "app-swoosh" */ = {
			isa = XCConfigurationList;
			buildConfigurations = (
				D0E281071FBC56D8004BCE71 /* Debug */,
				D0E281081FBC56D8004BCE71 /* Release */,
			);
			defaultConfigurationIsVisible = 0;
			defaultConfigurationName = Release;
		};
		D0E281091FBC56D8004BCE71 /* Build configuration list for PBXNativeTarget "app-swoosh" */ = {
			isa = XCConfigurationList;
			buildConfigurations = (
				D0E2810A1FBC56D8004BCE71 /* Debug */,
				D0E2810B1FBC56D8004BCE71 /* Release */,
			);
			defaultConfigurationIsVisible = 0;
			defaultConfigurationName = Release;
		};
/* End XCConfigurationList section */
	};
	rootObject = D0E280EF1FBC56D8004BCE71 /* Project object */;
}
